
Microsoft Visual Studio Solution File, Format Version 12.00
# Visual Studio Version 17
VisualStudioVersion = 17.4.33122.133
MinimumVisualStudioVersion = 10.0.40219.1
Project("{FAE04EC0-301F-11D3-BF4B-00C04F79EFBC}") = "NotebookApp", "NotebookApp\NotebookApp.csproj", "{2788351B-9E0E-4668-A5EB-186F3A26A69D}"
EndProject
Global
	GlobalSection(SolutionConfigurationPlatforms) = preSolution
		Debug|Any CPU = Debug|Any CPU
		Release|Any CPU = Release|Any CPU
	EndGlobalSection
	GlobalSection(ProjectConfigurationPlatforms) = postSolution
		{2788351B-9E0E-4668-A5EB-186F3A26A69D}.Debug|Any CPU.ActiveCfg = Debug|Any CPU
		{2788351B-9E0E-4668-A5EB-186F3A26A69D}.Debug|Any CPU.Build.0 = Debug|Any CPU
		{2788351B-9E0E-4668-A5EB-186F3A26A69D}.Release|Any CPU.ActiveCfg = Release|Any CPU
		{2788351B-9E0E-4668-A5EB-186F3A26A69D}.Release|Any CPU.Build.0 = Release|Any CPU
	EndGlobalSection
	GlobalSection(SolutionProperties) = preSolution
		HideSolutionNode = FALSE
	EndGlobalSection
	GlobalSection(ExtensibilityGlobals) = postSolution
		SolutionGuid = {72EB5A41-C6D0-4021-84DC-83F70B48E569}
	EndGlobalSection
EndGlobal
